
Microsoft Visual Studio Solution File, Format Version 12.00
# Visual Studio Version 16
VisualStudioVersion = 16.0.29230.47
MinimumVisualStudioVersion = 10.0.40219.1
Project("{FAE04EC0-301F-11D3-BF4B-00C04F79EFBC}") = "BusyMom", "BusyMom\BusyMom.csproj", "{AF3E3209-12FB-4FB5-AAFD-ED43B78DB3C1}"
EndProject
Global
	GlobalSection(SolutionConfigurationPlatforms) = preSolution
		Debug|Any CPU = Debug|Any CPU
		Release|Any CPU = Release|Any CPU
	EndGlobalSection
	GlobalSection(ProjectConfigurationPlatforms) = postSolution
		{AF3E3209-12FB-4FB5-AAFD-ED43B78DB3C1}.Debug|Any CPU.ActiveCfg = Debug|Any CPU
		{AF3E3209-12FB-4FB5-AAFD-ED43B78DB3C1}.Debug|Any CPU.Build.0 = Debug|Any CPU
		{AF3E3209-12FB-4FB5-AAFD-ED43B78DB3C1}.Release|Any CPU.ActiveCfg = Release|Any CPU
		{AF3E3209-12FB-4FB5-AAFD-ED43B78DB3C1}.Release|Any CPU.Build.0 = Release|Any CPU
	EndGlobalSection
	GlobalSection(SolutionProperties) = preSolution
		HideSolutionNode = FALSE
	EndGlobalSection
	GlobalSection(ExtensibilityGlobals) = postSolution
		SolutionGuid = {D4CC19F4-BE11-427F-A5D9-5E2C74285086}
	EndGlobalSection
EndGlobal
