
Microsoft Visual Studio Solution File, Format Version 12.00
# Visual Studio Version 16
VisualStudioVersion = 16.0.29230.47
MinimumVisualStudioVersion = 10.0.40219.1
Project("{FAE04EC0-301F-11D3-BF4B-00C04F79EFBC}") = "BusyMom", "BusyMom\BusyMom.csproj", "{AF3E3209-12FB-4FB5-AAFD-ED43B78DB3C1}"
EndProject
Project("{FAE04EC0-301F-11D3-BF4B-00C04F79EFBC}") = "BusyMomWeb", "BusyMomWeb\BusyMomWeb.csproj", "{99FD8D29-09B8-4F84-8DC9-35B602CDB45D}"
EndProject
Project("{FAE04EC0-301F-11D3-BF4B-00C04F79EFBC}") = "BusinessLogicLayer", "BusinessLogicLayer\BusinessLogicLayer.csproj", "{F0CEA547-E2FD-4C14-B813-B9D7AE36C68B}"
EndProject
Project("{FAE04EC0-301F-11D3-BF4B-00C04F79EFBC}") = "DataAccessLayer", "DataAccessLayer\DataAccessLayer.csproj", "{4E2452E7-816D-4B6E-ACEA-8BDDD0602876}"
EndProject
Global
	GlobalSection(SolutionConfigurationPlatforms) = preSolution
		Debug|Any CPU = Debug|Any CPU
		Release|Any CPU = Release|Any CPU
	EndGlobalSection
	GlobalSection(ProjectConfigurationPlatforms) = postSolution
		{AF3E3209-12FB-4FB5-AAFD-ED43B78DB3C1}.Debug|Any CPU.ActiveCfg = Debug|Any CPU
		{AF3E3209-12FB-4FB5-AAFD-ED43B78DB3C1}.Debug|Any CPU.Build.0 = Debug|Any CPU
		{AF3E3209-12FB-4FB5-AAFD-ED43B78DB3C1}.Release|Any CPU.ActiveCfg = Release|Any CPU
		{AF3E3209-12FB-4FB5-AAFD-ED43B78DB3C1}.Release|Any CPU.Build.0 = Release|Any CPU
		{99FD8D29-09B8-4F84-8DC9-35B602CDB45D}.Debug|Any CPU.ActiveCfg = Debug|Any CPU
		{99FD8D29-09B8-4F84-8DC9-35B602CDB45D}.Debug|Any CPU.Build.0 = Debug|Any CPU
		{99FD8D29-09B8-4F84-8DC9-35B602CDB45D}.Release|Any CPU.ActiveCfg = Release|Any CPU
		{99FD8D29-09B8-4F84-8DC9-35B602CDB45D}.Release|Any CPU.Build.0 = Release|Any CPU
		{F0CEA547-E2FD-4C14-B813-B9D7AE36C68B}.Debug|Any CPU.ActiveCfg = Debug|Any CPU
		{F0CEA547-E2FD-4C14-B813-B9D7AE36C68B}.Debug|Any CPU.Build.0 = Debug|Any CPU
		{F0CEA547-E2FD-4C14-B813-B9D7AE36C68B}.Release|Any CPU.ActiveCfg = Release|Any CPU
		{F0CEA547-E2FD-4C14-B813-B9D7AE36C68B}.Release|Any CPU.Build.0 = Release|Any CPU
		{4E2452E7-816D-4B6E-ACEA-8BDDD0602876}.Debug|Any CPU.ActiveCfg = Debug|Any CPU
		{4E2452E7-816D-4B6E-ACEA-8BDDD0602876}.Debug|Any CPU.Build.0 = Debug|Any CPU
		{4E2452E7-816D-4B6E-ACEA-8BDDD0602876}.Release|Any CPU.ActiveCfg = Release|Any CPU
		{4E2452E7-816D-4B6E-ACEA-8BDDD0602876}.Release|Any CPU.Build.0 = Release|Any CPU
	EndGlobalSection
	GlobalSection(SolutionProperties) = preSolution
		HideSolutionNode = FALSE
	EndGlobalSection
	GlobalSection(ExtensibilityGlobals) = postSolution
		SolutionGuid = {D4CC19F4-BE11-427F-A5D9-5E2C74285086}
	EndGlobalSection
EndGlobal
